
Microsoft Visual Studio Solution File, Format Version 12.00
# Visual Studio Version 17
VisualStudioVersion = 17.5.33502.453
MinimumVisualStudioVersion = 10.0.40219.1
Project("{FAE04EC0-301F-11D3-BF4B-00C04F79EFBC}") = "Servico.FarmaFacil", "Servico.FarmaFacil.csproj", "{CF263AD4-D8CE-4736-BCD7-2DE0671A843D}"
EndProject
Global
	GlobalSection(SolutionConfigurationPlatforms) = preSolution
		Debug|Any CPU = Debug|Any CPU
		Release|Any CPU = Release|Any CPU
	EndGlobalSection
	GlobalSection(ProjectConfigurationPlatforms) = postSolution
		{CF263AD4-D8CE-4736-BCD7-2DE0671A843D}.Debug|Any CPU.ActiveCfg = Debug|Any CPU
		{CF263AD4-D8CE-4736-BCD7-2DE0671A843D}.Debug|Any CPU.Build.0 = Debug|Any CPU
		{CF263AD4-D8CE-4736-BCD7-2DE0671A843D}.Release|Any CPU.ActiveCfg = Release|Any CPU
		{CF263AD4-D8CE-4736-BCD7-2DE0671A843D}.Release|Any CPU.Build.0 = Release|Any CPU
	EndGlobalSection
	GlobalSection(SolutionProperties) = preSolution
		HideSolutionNode = FALSE
	EndGlobalSection
	GlobalSection(ExtensibilityGlobals) = postSolution
		SolutionGuid = {805BB96F-E057-440F-A72C-7657AA1A1A77}
	EndGlobalSection
EndGlobal
